Microsoft Visual Studio Solution File, Format Version 12.00
# Visual Studio 2012
Project("{FAE04EC0-301F-11D3-BF4B-00C04F79EFBC}") = "Kill Switch 10", "Kill Switch 10.csproj", "{38D4A89B-37B6-4ABF-A19F-97D8F91FB90E}"
EndProject
Global
	GlobalSection(SolutionConfigurationPlatforms) = preSolution
	Debug|Any CPU = Debug|Any CPU
	ExportDebug|Any CPU = ExportDebug|Any CPU
	ExportRelease|Any CPU = ExportRelease|Any CPU
	EndGlobalSection
	GlobalSection(ProjectConfigurationPlatforms) = postSolution
		{38D4A89B-37B6-4ABF-A19F-97D8F91FB90E}.Debug|Any CPU.ActiveCfg = Debug|Any CPU
		{38D4A89B-37B6-4ABF-A19F-97D8F91FB90E}.Debug|Any CPU.Build.0 = Debug|Any CPU
		{38D4A89B-37B6-4ABF-A19F-97D8F91FB90E}.ExportDebug|Any CPU.ActiveCfg = ExportDebug|Any CPU
		{38D4A89B-37B6-4ABF-A19F-97D8F91FB90E}.ExportDebug|Any CPU.Build.0 = ExportDebug|Any CPU
		{38D4A89B-37B6-4ABF-A19F-97D8F91FB90E}.ExportRelease|Any CPU.ActiveCfg = ExportRelease|Any CPU
		{38D4A89B-37B6-4ABF-A19F-97D8F91FB90E}.ExportRelease|Any CPU.Build.0 = ExportRelease|Any CPU
	EndGlobalSection
EndGlobal
